// !$*UTF8*$!
{
	archiveVersion = 1;
	classes = {
	};
	objectVersion = 71;
	objects = {

/* Begin PBXBuildFile section */
		A10000000000000000000001 /* FlashcardGeneratorApp.swift in Sources */ = {isa = PBXBuildFile; fileRef = A10000000000000000000101 /* FlashcardGeneratorApp.swift */; };
		A10000000000000000000002 /* Models.swift in Sources */ = {isa = PBXBuildFile; fileRef = A10000000000000000000102 /* Models.swift */; };
		A10000000000000000000003 /* GlossaryParser.swift in Sources */ = {isa = PBXBuildFile; fileRef = A10000000000000000000103 /* GlossaryParser.swift */; };
		A10000000000000000000004 /* StudyStore.swift in Sources */ = {isa = PBXBuildFile; fileRef = A10000000000000000000104 /* StudyStore.swift */; };
		A10000000000000000000005 /* NotificationManager.swift in Sources */ = {isa = PBXBuildFile; fileRef = A10000000000000000000105 /* NotificationManager.swift */; };
		A10000000000000000000006 /* Components.swift in Sources */ = {isa = PBXBuildFile; fileRef = A10000000000000000000106 /* Components.swift */; };
		A10000000000000000000007 /* RootView.swift in Sources */ = {isa = PBXBuildFile; fileRef = A10000000000000000000107 /* RootView.swift */; };
		A10000000000000000000008 /* ImportView.swift in Sources */ = {isa = PBXBuildFile; fileRef = A10000000000000000000108 /* ImportView.swift */; };
		A10000000000000000000009 /* UnitsView.swift in Sources */ = {isa = PBXBuildFile; fileRef = A10000000000000000000109 /* UnitsView.swift */; };
		A1000000000000000000000A /* ReviewView.swift in Sources */ = {isa = PBXBuildFile; fileRef = A1000000000000000000010A /* ReviewView.swift */; };
		A1000000000000000000000B /* ReminderView.swift in Sources */ = {isa = PBXBuildFile; fileRef = A1000000000000000000010B /* ReminderView.swift */; };
		A1000000000000000000000D /* StarterGlossary.txt in Resources */ = {isa = PBXBuildFile; fileRef = A1000000000000000000010E /* StarterGlossary.txt */; };
		D40000000000000000000001 /* BusinessGlossary.txt in Resources */ = {isa = PBXBuildFile; fileRef = D40000000000000000000101 /* BusinessGlossary.txt */; };
		B20000000000000000000001 /* AppIcon20x20@2x.png in Resources */ = {isa = PBXBuildFile; fileRef = B20000000000000000000101 /* AppIcon20x20@2x.png */; };
		B20000000000000000000002 /* AppIcon20x20@3x.png in Resources */ = {isa = PBXBuildFile; fileRef = B20000000000000000000102 /* AppIcon20x20@3x.png */; };
		B20000000000000000000003 /* AppIcon29x29@2x.png in Resources */ = {isa = PBXBuildFile; fileRef = B20000000000000000000103 /* AppIcon29x29@2x.png */; };
		B20000000000000000000004 /* AppIcon29x29@3x.png in Resources */ = {isa = PBXBuildFile; fileRef = B20000000000000000000104 /* AppIcon29x29@3x.png */; };
		B20000000000000000000005 /* AppIcon40x40@2x.png in Resources */ = {isa = PBXBuildFile; fileRef = B20000000000000000000105 /* AppIcon40x40@2x.png */; };
		B20000000000000000000006 /* AppIcon40x40@3x.png in Resources */ = {isa = PBXBuildFile; fileRef = B20000000000000000000106 /* AppIcon40x40@3x.png */; };
		B20000000000000000000007 /* AppIcon60x60@2x.png in Resources */ = {isa = PBXBuildFile; fileRef = B20000000000000000000107 /* AppIcon60x60@2x.png */; };
		B20000000000000000000008 /* AppIcon60x60@3x.png in Resources */ = {isa = PBXBuildFile; fileRef = B20000000000000000000108 /* AppIcon60x60@3x.png */; };
		B20000000000000000000009 /* AppIcon76x76@2x.png in Resources */ = {isa = PBXBuildFile; fileRef = B20000000000000000000109 /* AppIcon76x76@2x.png */; };
		B2000000000000000000000A /* AppIcon83.5x83.5@2x.png in Resources */ = {isa = PBXBuildFile; fileRef = B2000000000000000000010A /* AppIcon83.5x83.5@2x.png */; };
		B2000000000000000000000B /* AppIcon1024x1024.png in Resources */ = {isa = PBXBuildFile; fileRef = B2000000000000000000010B /* AppIcon1024x1024.png */; };
		C30000000000000000000001 /* TennisGlossary.txt in Resources */ = {isa = PBXBuildFile; fileRef = C30000000000000000000101 /* TennisGlossary.txt */; };
/* End PBXBuildFile section */

/* Begin PBXFileReference section */
		A10000000000000000000101 /* FlashcardGeneratorApp.swift */ = {isa = PBXFileReference; lastKnownFileType = sourcecode.swift; path = FlashcardGeneratorApp.swift; sourceTree = "<group>"; };
		A10000000000000000000102 /* Models.swift */ = {isa = PBXFileReference; lastKnownFileType = sourcecode.swift; path = Models.swift; sourceTree = "<group>"; };
		A10000000000000000000103 /* GlossaryParser.swift */ = {isa = PBXFileReference; lastKnownFileType = sourcecode.swift; path = GlossaryParser.swift; sourceTree = "<group>"; };
		A10000000000000000000104 /* StudyStore.swift */ = {isa = PBXFileReference; lastKnownFileType = sourcecode.swift; path = StudyStore.swift; sourceTree = "<group>"; };
		A10000000000000000000105 /* NotificationManager.swift */ = {isa = PBXFileReference; lastKnownFileType = sourcecode.swift; path = NotificationManager.swift; sourceTree = "<group>"; };
		A10000000000000000000106 /* Components.swift */ = {isa = PBXFileReference; lastKnownFileType = sourcecode.swift; path = Components.swift; sourceTree = "<group>"; };
		A10000000000000000000107 /* RootView.swift */ = {isa = PBXFileReference; lastKnownFileType = sourcecode.swift; path = RootView.swift; sourceTree = "<group>"; };
		A10000000000000000000108 /* ImportView.swift */ = {isa = PBXFileReference; lastKnownFileType = sourcecode.swift; path = ImportView.swift; sourceTree = "<group>"; };
		A10000000000000000000109 /* UnitsView.swift */ = {isa = PBXFileReference; lastKnownFileType = sourcecode.swift; path = UnitsView.swift; sourceTree = "<group>"; };
		A1000000000000000000010A /* ReviewView.swift */ = {isa = PBXFileReference; lastKnownFileType = sourcecode.swift; path = ReviewView.swift; sourceTree = "<group>"; };
		A1000000000000000000010B /* ReminderView.swift */ = {isa = PBXFileReference; lastKnownFileType = sourcecode.swift; path = ReminderView.swift; sourceTree = "<group>"; };
		A1000000000000000000010C /* Assets.xcassets */ = {isa = PBXFileReference; lastKnownFileType = folder.assetcatalog; path = Assets.xcassets; sourceTree = "<group>"; };
		A1000000000000000000010D /* FlashcardGenerator.app */ = {isa = PBXFileReference; explicitFileType = wrapper.application; includeInIndex = 0; path = FlashcardGenerator.app; sourceTree = BUILT_PRODUCTS_DIR; };
		A1000000000000000000010E /* StarterGlossary.txt */ = {isa = PBXFileReference; lastKnownFileType = text; path = StarterGlossary.txt; sourceTree = "<group>"; };
		D40000000000000000000101 /* BusinessGlossary.txt */ = {isa = PBXFileReference; lastKnownFileType = text; path = BusinessGlossary.txt; sourceTree = "<group>"; };
		B20000000000000000000100 /* Info.plist */ = {isa = PBXFileReference; lastKnownFileType = text.plist.xml; path = Info.plist; sourceTree = "<group>"; };
		B20000000000000000000101 /* AppIcon20x20@2x.png */ = {isa = PBXFileReference; lastKnownFileType = image.png; path = "AppIcon20x20@2x.png"; sourceTree = "<group>"; };
		B20000000000000000000102 /* AppIcon20x20@3x.png */ = {isa = PBXFileReference; lastKnownFileType = image.png; path = "AppIcon20x20@3x.png"; sourceTree = "<group>"; };
		B20000000000000000000103 /* AppIcon29x29@2x.png */ = {isa = PBXFileReference; lastKnownFileType = image.png; path = "AppIcon29x29@2x.png"; sourceTree = "<group>"; };
		B20000000000000000000104 /* AppIcon29x29@3x.png */ = {isa = PBXFileReference; lastKnownFileType = image.png; path = "AppIcon29x29@3x.png"; sourceTree = "<group>"; };
		B20000000000000000000105 /* AppIcon40x40@2x.png */ = {isa = PBXFileReference; lastKnownFileType = image.png; path = "AppIcon40x40@2x.png"; sourceTree = "<group>"; };
		B20000000000000000000106 /* AppIcon40x40@3x.png */ = {isa = PBXFileReference; lastKnownFileType = image.png; path = "AppIcon40x40@3x.png"; sourceTree = "<group>"; };
		B20000000000000000000107 /* AppIcon60x60@2x.png */ = {isa = PBXFileReference; lastKnownFileType = image.png; path = "AppIcon60x60@2x.png"; sourceTree = "<group>"; };
		B20000000000000000000108 /* AppIcon60x60@3x.png */ = {isa = PBXFileReference; lastKnownFileType = image.png; path = "AppIcon60x60@3x.png"; sourceTree = "<group>"; };
		B20000000000000000000109 /* AppIcon76x76@2x.png */ = {isa = PBXFileReference; lastKnownFileType = image.png; path = "AppIcon76x76@2x.png"; sourceTree = "<group>"; };
		B2000000000000000000010A /* AppIcon83.5x83.5@2x.png */ = {isa = PBXFileReference; lastKnownFileType = image.png; path = "AppIcon83.5x83.5@2x.png"; sourceTree = "<group>"; };
		B2000000000000000000010B /* AppIcon1024x1024.png */ = {isa = PBXFileReference; lastKnownFileType = image.png; path = AppIcon1024x1024.png; sourceTree = "<group>"; };
		C30000000000000000000101 /* TennisGlossary.txt */ = {isa = PBXFileReference; lastKnownFileType = text; path = TennisGlossary.txt; sourceTree = "<group>"; };
/* End PBXFileReference section */

/* Begin PBXFrameworksBuildPhase section */
		A10000000000000000000402 /* Frameworks */ = {
			isa = PBXFrameworksBuildPhase;
			buildActionMask = 2147483647;
			files = (
			);
			runOnlyForDeploymentPostprocessing = 0;
		};
/* End PBXFrameworksBuildPhase section */

/* Begin PBXGroup section */
		A10000000000000000000201 = {
			isa = PBXGroup;
			children = (
				A10000000000000000000202 /* FlashcardGenerator */,
				A10000000000000000000204 /* Products */,
			);
			sourceTree = "<group>";
		};
		A10000000000000000000202 /* FlashcardGenerator */ = {
			isa = PBXGroup;
			children = (
				A10000000000000000000101 /* FlashcardGeneratorApp.swift */,
				A10000000000000000000102 /* Models.swift */,
				A10000000000000000000103 /* GlossaryParser.swift */,
				A10000000000000000000104 /* StudyStore.swift */,
				A10000000000000000000105 /* NotificationManager.swift */,
				B20000000000000000000100 /* Info.plist */,
				A1000000000000000000010E /* StarterGlossary.txt */,
				D40000000000000000000101 /* BusinessGlossary.txt */,
				C30000000000000000000101 /* TennisGlossary.txt */,
				B20000000000000000000205 /* AppIcons */,
				A10000000000000000000203 /* Views */,
				A1000000000000000000010C /* Assets.xcassets */,
			);
			path = FlashcardGenerator;
			sourceTree = "<group>";
		};
		A10000000000000000000203 /* Views */ = {
			isa = PBXGroup;
			children = (
				A10000000000000000000106 /* Components.swift */,
				A10000000000000000000107 /* RootView.swift */,
				A10000000000000000000108 /* ImportView.swift */,
				A10000000000000000000109 /* UnitsView.swift */,
				A1000000000000000000010A /* ReviewView.swift */,
				A1000000000000000000010B /* ReminderView.swift */,
			);
			path = Views;
			sourceTree = "<group>";
		};
		B20000000000000000000205 /* AppIcons */ = {
			isa = PBXGroup;
			children = (
				B20000000000000000000101 /* AppIcon20x20@2x.png */,
				B20000000000000000000102 /* AppIcon20x20@3x.png */,
				B20000000000000000000103 /* AppIcon29x29@2x.png */,
				B20000000000000000000104 /* AppIcon29x29@3x.png */,
				B20000000000000000000105 /* AppIcon40x40@2x.png */,
				B20000000000000000000106 /* AppIcon40x40@3x.png */,
				B20000000000000000000107 /* AppIcon60x60@2x.png */,
				B20000000000000000000108 /* AppIcon60x60@3x.png */,
				B20000000000000000000109 /* AppIcon76x76@2x.png */,
				B2000000000000000000010A /* AppIcon83.5x83.5@2x.png */,
				B2000000000000000000010B /* AppIcon1024x1024.png */,
			);
			path = AppIcons;
			sourceTree = "<group>";
		};
		A10000000000000000000204 /* Products */ = {
			isa = PBXGroup;
			children = (
				A1000000000000000000010D /* FlashcardGenerator.app */,
			);
			name = Products;
			sourceTree = "<group>";
		};
/* End PBXGroup section */

/* Begin PBXNativeTarget section */
		A10000000000000000000301 /* FlashcardGenerator */ = {
			isa = PBXNativeTarget;
			buildConfigurationList = A10000000000000000000603 /* Build configuration list for PBXNativeTarget "FlashcardGenerator" */;
			buildPhases = (
				A10000000000000000000401 /* Sources */,
				A10000000000000000000402 /* Frameworks */,
				A10000000000000000000403 /* Resources */,
			);
			buildRules = (
			);
			dependencies = (
			);
			name = FlashcardGenerator;
			productName = FlashcardGenerator;
			productReference = A1000000000000000000010D /* FlashcardGenerator.app */;
			productType = "com.apple.product-type.application";
		};
/* End PBXNativeTarget section */

/* Begin PBXProject section */
		A10000000000000000000501 /* Project object */ = {
			isa = PBXProject;
			attributes = {
				BuildIndependentTargetsInParallel = 1;
				LastSwiftUpdateCheck = 2630;
				LastUpgradeCheck = 2630;
				TargetAttributes = {
					A10000000000000000000301 = {
						CreatedOnToolsVersion = 26.3;
					};
				};
			};
			buildConfigurationList = A10000000000000000000601 /* Build configuration list for PBXProject "FlashcardGenerator" */;
			compatibilityVersion = "Xcode 16.0";
			developmentRegion = en;
			hasScannedForEncodings = 0;
			knownRegions = (
				en,
				Base,
			);
			mainGroup = A10000000000000000000201;
			minimizedProjectReferenceProxies = 1;
			productRefGroup = A10000000000000000000204 /* Products */;
			projectDirPath = "";
			projectRoot = "";
			targets = (
				A10000000000000000000301 /* FlashcardGenerator */,
			);
		};
/* End PBXProject section */

/* Begin PBXResourcesBuildPhase section */
		A10000000000000000000403 /* Resources */ = {
			isa = PBXResourcesBuildPhase;
			buildActionMask = 2147483647;
			files = (
				A1000000000000000000000D /* StarterGlossary.txt in Resources */,
				D40000000000000000000001 /* BusinessGlossary.txt in Resources */,
				C30000000000000000000001 /* TennisGlossary.txt in Resources */,
				B20000000000000000000001 /* AppIcon20x20@2x.png in Resources */,
				B20000000000000000000002 /* AppIcon20x20@3x.png in Resources */,
				B20000000000000000000003 /* AppIcon29x29@2x.png in Resources */,
				B20000000000000000000004 /* AppIcon29x29@3x.png in Resources */,
				B20000000000000000000005 /* AppIcon40x40@2x.png in Resources */,
				B20000000000000000000006 /* AppIcon40x40@3x.png in Resources */,
				B20000000000000000000007 /* AppIcon60x60@2x.png in Resources */,
				B20000000000000000000008 /* AppIcon60x60@3x.png in Resources */,
				B20000000000000000000009 /* AppIcon76x76@2x.png in Resources */,
				B2000000000000000000000A /* AppIcon83.5x83.5@2x.png in Resources */,
				B2000000000000000000000B /* AppIcon1024x1024.png in Resources */,
			);
			runOnlyForDeploymentPostprocessing = 0;
		};
/* End PBXResourcesBuildPhase section */

/* Begin PBXSourcesBuildPhase section */
		A10000000000000000000401 /* Sources */ = {
			isa = PBXSourcesBuildPhase;
			buildActionMask = 2147483647;
			files = (
				A10000000000000000000001 /* FlashcardGeneratorApp.swift in Sources */,
				A10000000000000000000002 /* Models.swift in Sources */,
				A10000000000000000000003 /* GlossaryParser.swift in Sources */,
				A10000000000000000000004 /* StudyStore.swift in Sources */,
				A10000000000000000000005 /* NotificationManager.swift in Sources */,
				A10000000000000000000006 /* Components.swift in Sources */,
				A10000000000000000000007 /* RootView.swift in Sources */,
				A10000000000000000000008 /* ImportView.swift in Sources */,
				A10000000000000000000009 /* UnitsView.swift in Sources */,
				A1000000000000000000000A /* ReviewView.swift in Sources */,
				A1000000000000000000000B /* ReminderView.swift in Sources */,
			);
			runOnlyForDeploymentPostprocessing = 0;
		};
/* End PBXSourcesBuildPhase section */

/* Begin XCBuildConfiguration section */
		A10000000000000000000611 /* Debug */ = {
			isa = XCBuildConfiguration;
			buildSettings = {
				ALWAYS_SEARCH_USER_PATHS = NO;
				CLANG_ANALYZER_NONNULL = YES;
				CLANG_ANALYZER_NUMBER_OBJECT_CONVERSION = YES_AGGRESSIVE;
				CLANG_CXX_LANGUAGE_STANDARD = "gnu++20";
				CLANG_ENABLE_MODULES = YES;
				CLANG_ENABLE_OBJC_ARC = YES;
				CLANG_ENABLE_OBJC_WEAK = YES;
				CLANG_WARN_BLOCK_CAPTURE_AUTORELEASING = YES;
				CLANG_WARN_BOOL_CONVERSION = YES;
				CLANG_WARN_COMMA = YES;
				CLANG_WARN_CONSTANT_CONVERSION = YES;
				CLANG_WARN_DEPRECATED_OBJC_IMPLEMENTATIONS = YES;
				CLANG_WARN_DIRECT_OBJC_ISA_USAGE = YES_ERROR;
				CLANG_WARN_DOCUMENTATION_COMMENTS = YES;
				CLANG_WARN_EMPTY_BODY = YES;
				CLANG_WARN_ENUM_CONVERSION = YES;
				CLANG_WARN_INFINITE_RECURSION = YES;
				CLANG_WARN_INT_CONVERSION = YES;
				CLANG_WARN_NON_LITERAL_NULL_CONVERSION = YES;
				CLANG_WARN_OBJC_IMPLICIT_RETAIN_SELF = YES;
				CLANG_WARN_OBJC_LITERAL_CONVERSION = YES;
				CLANG_WARN_OBJC_ROOT_CLASS = YES_ERROR;
				CLANG_WARN_QUOTED_INCLUDE_IN_FRAMEWORK_HEADER = YES;
				CLANG_WARN_RANGE_LOOP_ANALYSIS = YES;
				CLANG_WARN_STRICT_PROTOTYPES = YES;
				CLANG_WARN_SUSPICIOUS_MOVE = YES;
				CLANG_WARN_UNGUARDED_AVAILABILITY = YES_AGGRESSIVE;
				CLANG_WARN_UNREACHABLE_CODE = YES;
				CLANG_WARN__DUPLICATE_METHOD_MATCH = YES;
				COPY_PHASE_STRIP = NO;
				DEBUG_INFORMATION_FORMAT = dwarf;
				ENABLE_STRICT_OBJC_MSGSEND = YES;
				ENABLE_TESTABILITY = YES;
				ENABLE_USER_SCRIPT_SANDBOXING = YES;
				GCC_C_LANGUAGE_STANDARD = gnu17;
				GCC_DYNAMIC_NO_PIC = NO;
				GCC_NO_COMMON_BLOCKS = YES;
				GCC_OPTIMIZATION_LEVEL = 0;
				GCC_PREPROCESSOR_DEFINITIONS = (
					"DEBUG=1",
					"$(inherited)",
				);
				GCC_WARN_64_TO_32_BIT_CONVERSION = YES;
				GCC_WARN_ABOUT_RETURN_TYPE = YES_ERROR;
				GCC_WARN_UNDECLARED_SELECTOR = YES;
				GCC_WARN_UNINITIALIZED_AUTOS = YES_AGGRESSIVE;
				GCC_WARN_UNUSED_FUNCTION = YES;
				GCC_WARN_UNUSED_VARIABLE = YES;
				IPHONEOS_DEPLOYMENT_TARGET = 17.0;
				LOCALIZATION_PREFERS_STRING_CATALOGS = YES;
				MTL_ENABLE_DEBUG_INFO = INCLUDE_SOURCE;
				MTL_FAST_MATH = YES;
				ONLY_ACTIVE_ARCH = YES;
				SDKROOT = iphoneos;
				SWIFT_ACTIVE_COMPILATION_CONDITIONS = "DEBUG $(inherited)";
				SWIFT_OPTIMIZATION_LEVEL = "-Onone";
			};
			name = Debug;
		};
		A10000000000000000000612 /* Release */ = {
			isa = XCBuildConfiguration;
			buildSettings = {
				ALWAYS_SEARCH_USER_PATHS = NO;
				CLANG_ANALYZER_NONNULL = YES;
				CLANG_ANALYZER_NUMBER_OBJECT_CONVERSION = YES_AGGRESSIVE;
				CLANG_CXX_LANGUAGE_STANDARD = "gnu++20";
				CLANG_ENABLE_MODULES = YES;
				CLANG_ENABLE_OBJC_ARC = YES;
				CLANG_ENABLE_OBJC_WEAK = YES;
				CLANG_WARN_BLOCK_CAPTURE_AUTORELEASING = YES;
				CLANG_WARN_BOOL_CONVERSION = YES;
				CLANG_WARN_COMMA = YES;
				CLANG_WARN_CONSTANT_CONVERSION = YES;
				CLANG_WARN_DEPRECATED_OBJC_IMPLEMENTATIONS = YES;
				CLANG_WARN_DIRECT_OBJC_ISA_USAGE = YES_ERROR;
				CLANG_WARN_DOCUMENTATION_COMMENTS = YES;
				CLANG_WARN_EMPTY_BODY = YES;
				CLANG_WARN_ENUM_CONVERSION = YES;
				CLANG_WARN_INFINITE_RECURSION = YES;
				CLANG_WARN_INT_CONVERSION = YES;
				CLANG_WARN_NON_LITERAL_NULL_CONVERSION = YES;
				CLANG_WARN_OBJC_IMPLICIT_RETAIN_SELF = YES;
				CLANG_WARN_OBJC_LITERAL_CONVERSION = YES;
				CLANG_WARN_OBJC_ROOT_CLASS = YES_ERROR;
				CLANG_WARN_QUOTED_INCLUDE_IN_FRAMEWORK_HEADER = YES;
				CLANG_WARN_RANGE_LOOP_ANALYSIS = YES;
				CLANG_WARN_STRICT_PROTOTYPES = YES;
				CLANG_WARN_SUSPICIOUS_MOVE = YES;
				CLANG_WARN_UNGUARDED_AVAILABILITY = YES_AGGRESSIVE;
				CLANG_WARN_UNREACHABLE_CODE = YES;
				CLANG_WARN__DUPLICATE_METHOD_MATCH = YES;
				COPY_PHASE_STRIP = NO;
				DEBUG_INFORMATION_FORMAT = "dwarf-with-dsym";
				ENABLE_NS_ASSERTIONS = NO;
				ENABLE_STRICT_OBJC_MSGSEND = YES;
				ENABLE_USER_SCRIPT_SANDBOXING = YES;
				GCC_C_LANGUAGE_STANDARD = gnu17;
				GCC_NO_COMMON_BLOCKS = YES;
				GCC_WARN_64_TO_32_BIT_CONVERSION = YES;
				GCC_WARN_ABOUT_RETURN_TYPE = YES_ERROR;
				GCC_WARN_UNDECLARED_SELECTOR = YES;
				GCC_WARN_UNINITIALIZED_AUTOS = YES_AGGRESSIVE;
				GCC_WARN_UNUSED_FUNCTION = YES;
				GCC_WARN_UNUSED_VARIABLE = YES;
				IPHONEOS_DEPLOYMENT_TARGET = 17.0;
				LOCALIZATION_PREFERS_STRING_CATALOGS = YES;
				MTL_ENABLE_DEBUG_INFO = NO;
				MTL_FAST_MATH = YES;
				SDKROOT = iphoneos;
				SWIFT_COMPILATION_MODE = wholemodule;
				VALIDATE_PRODUCT = YES;
			};
			name = Release;
		};
		A10000000000000000000621 /* Debug */ = {
			isa = XCBuildConfiguration;
			buildSettings = {
				CODE_SIGN_STYLE = Automatic;
				CURRENT_PROJECT_VERSION = 1;
				DEVELOPMENT_TEAM = TVRNCX8P27;
				GENERATE_INFOPLIST_FILE = NO;
				INFOPLIST_FILE = FlashcardGenerator/Info.plist;
				IPHONEOS_DEPLOYMENT_TARGET = 17.0;
				LD_RUNPATH_SEARCH_PATHS = (
					"$(inherited)",
					"@executable_path/Frameworks",
				);
				MARKETING_VERSION = 1.0;
				PRODUCT_BUNDLE_IDENTIFIER = com.kevinli.flashcardgenerator;
				PRODUCT_NAME = "$(TARGET_NAME)";
				SUPPORTED_PLATFORMS = "iphoneos iphonesimulator";
				SUPPORTS_MACCATALYST = NO;
				SUPPORTS_MAC_DESIGNED_FOR_IPHONE_IPAD = NO;
				SWIFT_EMIT_LOC_STRINGS = YES;
				SWIFT_VERSION = 5.0;
				TARGETED_DEVICE_FAMILY = "1,2";
			};
			name = Debug;
		};
		A10000000000000000000622 /* Release */ = {
			isa = XCBuildConfiguration;
			buildSettings = {
				CODE_SIGN_STYLE = Automatic;
				CURRENT_PROJECT_VERSION = 1;
				DEVELOPMENT_TEAM = TVRNCX8P27;
				GENERATE_INFOPLIST_FILE = NO;
				INFOPLIST_FILE = FlashcardGenerator/Info.plist;
				IPHONEOS_DEPLOYMENT_TARGET = 17.0;
				LD_RUNPATH_SEARCH_PATHS = (
					"$(inherited)",
					"@executable_path/Frameworks",
				);
				MARKETING_VERSION = 1.0;
				PRODUCT_BUNDLE_IDENTIFIER = com.kevinli.flashcardgenerator;
				PRODUCT_NAME = "$(TARGET_NAME)";
				SUPPORTED_PLATFORMS = "iphoneos iphonesimulator";
				SUPPORTS_MACCATALYST = NO;
				SUPPORTS_MAC_DESIGNED_FOR_IPHONE_IPAD = NO;
				SWIFT_EMIT_LOC_STRINGS = YES;
				SWIFT_VERSION = 5.0;
				TARGETED_DEVICE_FAMILY = "1,2";
			};
			name = Release;
		};
/* End XCBuildConfiguration section */

/* Begin XCConfigurationList section */
		A10000000000000000000601 /* Build configuration list for PBXProject "FlashcardGenerator" */ = {
			isa = XCConfigurationList;
			buildConfigurations = (
				A10000000000000000000611 /* Debug */,
				A10000000000000000000612 /* Release */,
			);
			defaultConfigurationIsVisible = 0;
			defaultConfigurationName = Release;
		};
		A10000000000000000000603 /* Build configuration list for PBXNativeTarget "FlashcardGenerator" */ = {
			isa = XCConfigurationList;
			buildConfigurations = (
				A10000000000000000000621 /* Debug */,
				A10000000000000000000622 /* Release */,
			);
			defaultConfigurationIsVisible = 0;
			defaultConfigurationName = Release;
		};
/* End XCConfigurationList section */
	};
	rootObject = A10000000000000000000501 /* Project object */;
}
